
Microsoft Visual Studio Solution File, Format Version 12.00
# Visual Studio Version 17
VisualStudioVersion = 17.4.33213.308
MinimumVisualStudioVersion = 10.0.40219.1
Project("{FAE04EC0-301F-11D3-BF4B-00C04F79EFBC}") = "WpfApp1", "WpfApp1\WpfApp1.csproj", "{7AF84ECC-ABEC-40DA-B521-EAE9DB16458F}"
EndProject
Global
	GlobalSection(SolutionConfigurationPlatforms) = preSolution
		Debug|Any CPU = Debug|Any CPU
		Release|Any CPU = Release|Any CPU
	EndGlobalSection
	GlobalSection(ProjectConfigurationPlatforms) = postSolution
		{7AF84ECC-ABEC-40DA-B521-EAE9DB16458F}.Debug|Any CPU.ActiveCfg = Debug|Any CPU
		{7AF84ECC-ABEC-40DA-B521-EAE9DB16458F}.Debug|Any CPU.Build.0 = Debug|Any CPU
		{7AF84ECC-ABEC-40DA-B521-EAE9DB16458F}.Release|Any CPU.ActiveCfg = Release|Any CPU
		{7AF84ECC-ABEC-40DA-B521-EAE9DB16458F}.Release|Any CPU.Build.0 = Release|Any CPU
	EndGlobalSection
	GlobalSection(SolutionProperties) = preSolution
		HideSolutionNode = FALSE
	EndGlobalSection
	GlobalSection(ExtensibilityGlobals) = postSolution
		SolutionGuid = {1F30A3DB-0CD5-47D6-B0A1-CCD22ABDADE2}
	EndGlobalSection
EndGlobal
